
Microsoft Visual Studio Solution File, Format Version 12.00
# Visual Studio Version 17
VisualStudioVersion = 17.5.33414.496
MinimumVisualStudioVersion = 10.0.40219.1
Project("{FAE04EC0-301F-11D3-BF4B-00C04F79EFBC}") = "AnimalMatchGame", "AnimalMatchGame.csproj", "{982E8CB7-8794-40A4-A5B7-8A1722E87CB7}"
EndProject
Global
	GlobalSection(SolutionConfigurationPlatforms) = preSolution
		Debug|Any CPU = Debug|Any CPU
		Release|Any CPU = Release|Any CPU
	EndGlobalSection
	GlobalSection(ProjectConfigurationPlatforms) = postSolution
		{982E8CB7-8794-40A4-A5B7-8A1722E87CB7}.Debug|Any CPU.ActiveCfg = Debug|Any CPU
		{982E8CB7-8794-40A4-A5B7-8A1722E87CB7}.Debug|Any CPU.Build.0 = Debug|Any CPU
		{982E8CB7-8794-40A4-A5B7-8A1722E87CB7}.Release|Any CPU.ActiveCfg = Release|Any CPU
		{982E8CB7-8794-40A4-A5B7-8A1722E87CB7}.Release|Any CPU.Build.0 = Release|Any CPU
	EndGlobalSection
	GlobalSection(SolutionProperties) = preSolution
		HideSolutionNode = FALSE
	EndGlobalSection
	GlobalSection(ExtensibilityGlobals) = postSolution
		SolutionGuid = {E4175DA9-1A59-4751-B6A0-C73D8AE2DD45}
	EndGlobalSection
EndGlobal
